
Microsoft Visual Studio Solution File, Format Version 12.00
# Visual Studio 15
VisualStudioVersion = 15.0.28010.2048
MinimumVisualStudioVersion = 10.0.40219.1
Project("{FAE04EC0-301F-11D3-BF4B-00C04F79EFBC}") = "ElectronicMusicTest4", "ElectronicMusicTest4\ElectronicMusicTest4.csproj", "{AB83ECE3-BF45-4862-A6B3-7FF6F6330617}"
EndProject
Project("{FAE04EC0-301F-11D3-BF4B-00C04F79EFBC}") = "SkinForm", "SkinForm\SkinForm.csproj", "{7F988DDA-955F-42F2-82EB-D6058FB7FF75}"
EndProject
Global
	GlobalSection(SolutionConfigurationPlatforms) = preSolution
		Debug|Any CPU = Debug|Any CPU
		Release|Any CPU = Release|Any CPU
	EndGlobalSection
	GlobalSection(ProjectConfigurationPlatforms) = postSolution
		{AB83ECE3-BF45-4862-A6B3-7FF6F6330617}.Debug|Any CPU.ActiveCfg = Debug|Any CPU
		{AB83ECE3-BF45-4862-A6B3-7FF6F6330617}.Debug|Any CPU.Build.0 = Debug|Any CPU
		{AB83ECE3-BF45-4862-A6B3-7FF6F6330617}.Release|Any CPU.ActiveCfg = Release|Any CPU
		{AB83ECE3-BF45-4862-A6B3-7FF6F6330617}.Release|Any CPU.Build.0 = Release|Any CPU
		{7F988DDA-955F-42F2-82EB-D6058FB7FF75}.Debug|Any CPU.ActiveCfg = Debug|Any CPU
		{7F988DDA-955F-42F2-82EB-D6058FB7FF75}.Debug|Any CPU.Build.0 = Debug|Any CPU
		{7F988DDA-955F-42F2-82EB-D6058FB7FF75}.Release|Any CPU.ActiveCfg = Release|Any CPU
		{7F988DDA-955F-42F2-82EB-D6058FB7FF75}.Release|Any CPU.Build.0 = Release|Any CPU
	EndGlobalSection
	GlobalSection(SolutionProperties) = preSolution
		HideSolutionNode = FALSE
	EndGlobalSection
	GlobalSection(ExtensibilityGlobals) = postSolution
		SolutionGuid = {E11DAE90-4031-48E5-B502-937ED78B7DC9}
	EndGlobalSection
EndGlobal
